# This file is autogenerated, do not edit; changes may be undone by the next 'dep ensure'.


[[projects]]
  branch = "master"
  name = "github.com/muesli/smartcrop"
  packages = [
    ".",
    "nfnt",
    "options"
  ]
  revision = "f6ebaa786a12a0fdb2d7c6dee72808e68c296464"

[[projects]]
  branch = "master"
  name = "github.com/nfnt/resize"
  packages = ["."]
  revision = "83c6a9932646f83e3267f353373d47347b6036b2"

[[projects]]
  name = "github.com/pkg/errors"
  packages = ["."]
  revision = "645ef00459ed84a119197bfb8d8205042c6df63d"
  version = "v0.8.0"

[[projects]]
  branch = "master"
  name = "golang.org/x/image"
  packages = [
    "draw",
    "math/f64"
  ]
  revision = "12117c17ca67ffa1ce22e9409f3b0b0a93ac08c7"

[solve-meta]
  analyzer-name = "dep"
  analyzer-version = 1
  inputs-digest = "60ba371f9a1d54cd0dfdcb37b7bd623c9e71c9b9d196929ea933cdf1608bb1a3"
  solver-name = "gps-cdcl"
  solver-version = 1
